// !$*UTF8*$!
{
	archiveVersion = 1;
	classes = {
	};
	objectVersion = 50;
	objects = {

/* Begin PBXBuildFile section */
		517CFC8423D17256000B4C5A /* AppDelegate.swift in Sources */ = {isa = PBXBuildFile; fileRef = 517CFC8323D17256000B4C5A /* AppDelegate.swift */; };
		517CFC8D23D17257000B4C5A /* Assets.xcassets in Resources */ = {isa = PBXBuildFile; fileRef = 517CFC8C23D17257000B4C5A /* Assets.xcassets */; };
		517CFC9023D17257000B4C5A /* LaunchScreen.storyboard in Resources */ = {isa = PBXBuildFile; fileRef = 517CFC8E23D17257000B4C5A /* LaunchScreen.storyboard */; };
		517CFCA823D45273000B4C5A /* DashboardViewController.swift in Sources */ = {isa = PBXBuildFile; fileRef = 517CFCA723D45273000B4C5A /* DashboardViewController.swift */; };
		517CFCAC23D466E3000B4C5A /* FoodCard.swift in Sources */ = {isa = PBXBuildFile; fileRef = 517CFCAB23D466E3000B4C5A /* FoodCard.swift */; };
		517CFCB023D487C4000B4C5A /* Top10BlogsTests.swift in Sources */ = {isa = PBXBuildFile; fileRef = 517CFCAF23D487C4000B4C5A /* Top10BlogsTests.swift */; };
		517CFCB423D4919A000B4C5A /* RiviServerData.json in Resources */ = {isa = PBXBuildFile; fileRef = 517CFCB323D4919A000B4C5A /* RiviServerData.json */; };
		517CFCB623D593EB000B4C5A /* DashboardViewModel.swift in Sources */ = {isa = PBXBuildFile; fileRef = 517CFCB523D593EB000B4C5A /* DashboardViewModel.swift */; };
		517CFCB823D5BC0A000B4C5A /* DashboardTableViewCell.swift in Sources */ = {isa = PBXBuildFile; fileRef = 517CFCB723D5BC0A000B4C5A /* DashboardTableViewCell.swift */; };
		517CFCBA23D5EFCD000B4C5A /* placeholder.png in Resources */ = {isa = PBXBuildFile; fileRef = 517CFCB923D5EFCD000B4C5A /* placeholder.png */; };
		517CFCBC23D717BD000B4C5A /* TitleView.swift in Sources */ = {isa = PBXBuildFile; fileRef = 517CFCBB23D717BD000B4C5A /* TitleView.swift */; };
/* End PBXBuildFile section */

/* Begin PBXContainerItemProxy section */
		517CFC9723D17258000B4C5A /* PBXContainerItemProxy */ = {
			isa = PBXContainerItemProxy;
			containerPortal = 517CFC7823D17256000B4C5A /* Project object */;
			proxyType = 1;
			remoteGlobalIDString = 517CFC7F23D17256000B4C5A;
			remoteInfo = Top10Blogs;
		};
/* End PBXContainerItemProxy section */

/* Begin PBXFileReference section */
		517CFC8023D17256000B4C5A /* Top10Blogs.app */ = {isa = PBXFileReference; explicitFileType = wrapper.application; includeInIndex = 0; path = Top10Blogs.app; sourceTree = BUILT_PRODUCTS_DIR; };
		517CFC8323D17256000B4C5A /* AppDelegate.swift */ = {isa = PBXFileReference; lastKnownFileType = sourcecode.swift; path = AppDelegate.swift; sourceTree = "<group>"; };
		517CFC8C23D17257000B4C5A /* Assets.xcassets */ = {isa = PBXFileReference; lastKnownFileType = folder.assetcatalog; path = Assets.xcassets; sourceTree = "<group>"; };
		517CFC8F23D17257000B4C5A /* Base */ = {isa = PBXFileReference; lastKnownFileType = file.storyboard; name = Base; path = Base.lproj/LaunchScreen.storyboard; sourceTree = "<group>"; };
		517CFC9123D17257000B4C5A /* Info.plist */ = {isa = PBXFileReference; lastKnownFileType = text.plist.xml; path = Info.plist; sourceTree = "<group>"; };
		517CFC9623D17258000B4C5A /* Top10BlogsTests.xctest */ = {isa = PBXFileReference; explicitFileType = wrapper.cfbundle; includeInIndex = 0; path = Top10BlogsTests.xctest; sourceTree = BUILT_PRODUCTS_DIR; };
		517CFC9C23D17258000B4C5A /* Info.plist */ = {isa = PBXFileReference; lastKnownFileType = text.plist.xml; path = Info.plist; sourceTree = "<group>"; };
		517CFCA723D45273000B4C5A /* DashboardViewController.swift */ = {isa = PBXFileReference; lastKnownFileType = sourcecode.swift; path = DashboardViewController.swift; sourceTree = "<group>"; };
		517CFCAB23D466E3000B4C5A /* FoodCard.swift */ = {isa = PBXFileReference; lastKnownFileType = sourcecode.swift; path = FoodCard.swift; sourceTree = "<group>"; };
		517CFCAF23D487C4000B4C5A /* Top10BlogsTests.swift */ = {isa = PBXFileReference; fileEncoding = 4; lastKnownFileType = sourcecode.swift; path = Top10BlogsTests.swift; sourceTree = "<group>"; };
		517CFCB323D4919A000B4C5A /* RiviServerData.json */ = {isa = PBXFileReference; fileEncoding = 4; lastKnownFileType = text.json; path = RiviServerData.json; sourceTree = "<group>"; };
		517CFCB523D593EB000B4C5A /* DashboardViewModel.swift */ = {isa = PBXFileReference; lastKnownFileType = sourcecode.swift; path = DashboardViewModel.swift; sourceTree = "<group>"; };
		517CFCB723D5BC0A000B4C5A /* DashboardTableViewCell.swift */ = {isa = PBXFileReference; lastKnownFileType = sourcecode.swift; path = DashboardTableViewCell.swift; sourceTree = "<group>"; };
		517CFCB923D5EFCD000B4C5A /* placeholder.png */ = {isa = PBXFileReference; lastKnownFileType = image.png; path = placeholder.png; sourceTree = "<group>"; };
		517CFCBB23D717BD000B4C5A /* TitleView.swift */ = {isa = PBXFileReference; lastKnownFileType = sourcecode.swift; path = TitleView.swift; sourceTree = "<group>"; };
/* End PBXFileReference section */

/* Begin PBXFrameworksBuildPhase section */
		517CFC7D23D17256000B4C5A /* Frameworks */ = {
			isa = PBXFrameworksBuildPhase;
			buildActionMask = 2147483647;
			files = (
			);
			runOnlyForDeploymentPostprocessing = 0;
		};
		517CFC9323D17258000B4C5A /* Frameworks */ = {
			isa = PBXFrameworksBuildPhase;
			buildActionMask = 2147483647;
			files = (
			);
			runOnlyForDeploymentPostprocessing = 0;
		};
/* End PBXFrameworksBuildPhase section */

/* Begin PBXGroup section */
		517CFC7723D17256000B4C5A = {
			isa = PBXGroup;
			children = (
				517CFC8223D17256000B4C5A /* Top10Blogs */,
				517CFC9923D17258000B4C5A /* Top10BlogsTests */,
				517CFC8123D17256000B4C5A /* Products */,
			);
			sourceTree = "<group>";
		};
		517CFC8123D17256000B4C5A /* Products */ = {
			isa = PBXGroup;
			children = (
				517CFC8023D17256000B4C5A /* Top10Blogs.app */,
				517CFC9623D17258000B4C5A /* Top10BlogsTests.xctest */,
			);
			name = Products;
			sourceTree = "<group>";
		};
		517CFC8223D17256000B4C5A /* Top10Blogs */ = {
			isa = PBXGroup;
			children = (
				517CFC8C23D17257000B4C5A /* Assets.xcassets */,
				517CFC8E23D17257000B4C5A /* LaunchScreen.storyboard */,
				517CFC9123D17257000B4C5A /* Info.plist */,
				517CFCB323D4919A000B4C5A /* RiviServerData.json */,
				517CFCB923D5EFCD000B4C5A /* placeholder.png */,
				517CFC8323D17256000B4C5A /* AppDelegate.swift */,
				517CFCA723D45273000B4C5A /* DashboardViewController.swift */,
				517CFCB523D593EB000B4C5A /* DashboardViewModel.swift */,
				517CFCAB23D466E3000B4C5A /* FoodCard.swift */,
				517CFCB723D5BC0A000B4C5A /* DashboardTableViewCell.swift */,
				517CFCBB23D717BD000B4C5A /* TitleView.swift */,
			);
			path = Top10Blogs;
			sourceTree = "<group>";
		};
		517CFC9923D17258000B4C5A /* Top10BlogsTests */ = {
			isa = PBXGroup;
			children = (
				517CFCAF23D487C4000B4C5A /* Top10BlogsTests.swift */,
				517CFC9C23D17258000B4C5A /* Info.plist */,
			);
			path = Top10BlogsTests;
			sourceTree = "<group>";
		};
/* End PBXGroup section */

/* Begin PBXNativeTarget section */
		517CFC7F23D17256000B4C5A /* Top10Blogs */ = {
			isa = PBXNativeTarget;
			buildConfigurationList = 517CFC9F23D17258000B4C5A /* Build configuration list for PBXNativeTarget "Top10Blogs" */;
			buildPhases = (
				517CFC7C23D17256000B4C5A /* Sources */,
				517CFC7D23D17256000B4C5A /* Frameworks */,
				517CFC7E23D17256000B4C5A /* Resources */,
			);
			buildRules = (
			);
			dependencies = (
			);
			name = Top10Blogs;
			productName = Top10Blogs;
			productReference = 517CFC8023D17256000B4C5A /* Top10Blogs.app */;
			productType = "com.apple.product-type.application";
		};
		517CFC9523D17258000B4C5A /* Top10BlogsTests */ = {
			isa = PBXNativeTarget;
			buildConfigurationList = 517CFCA223D17258000B4C5A /* Build configuration list for PBXNativeTarget "Top10BlogsTests" */;
			buildPhases = (
				517CFC9223D17258000B4C5A /* Sources */,
				517CFC9323D17258000B4C5A /* Frameworks */,
				517CFC9423D17258000B4C5A /* Resources */,
			);
			buildRules = (
			);
			dependencies = (
				517CFC9823D17258000B4C5A /* PBXTargetDependency */,
			);
			name = Top10BlogsTests;
			productName = Top10BlogsTests;
			productReference = 517CFC9623D17258000B4C5A /* Top10BlogsTests.xctest */;
			productType = "com.apple.product-type.bundle.unit-test";
		};
/* End PBXNativeTarget section */

/* Begin PBXProject section */
		517CFC7823D17256000B4C5A /* Project object */ = {
			isa = PBXProject;
			attributes = {
				LastSwiftUpdateCheck = 1110;
				LastUpgradeCheck = 1110;
				ORGANIZATIONNAME = amprojects;
				TargetAttributes = {
					517CFC7F23D17256000B4C5A = {
						CreatedOnToolsVersion = 11.1;
					};
					517CFC9523D17258000B4C5A = {
						CreatedOnToolsVersion = 11.1;
						TestTargetID = 517CFC7F23D17256000B4C5A;
					};
				};
			};
			buildConfigurationList = 517CFC7B23D17256000B4C5A /* Build configuration list for PBXProject "Top10Blogs" */;
			compatibilityVersion = "Xcode 9.3";
			developmentRegion = en;
			hasScannedForEncodings = 0;
			knownRegions = (
				en,
				Base,
			);
			mainGroup = 517CFC7723D17256000B4C5A;
			productRefGroup = 517CFC8123D17256000B4C5A /* Products */;
			projectDirPath = "";
			projectRoot = "";
			targets = (
				517CFC7F23D17256000B4C5A /* Top10Blogs */,
				517CFC9523D17258000B4C5A /* Top10BlogsTests */,
			);
		};
/* End PBXProject section */

/* Begin PBXResourcesBuildPhase section */
		517CFC7E23D17256000B4C5A /* Resources */ = {
			isa = PBXResourcesBuildPhase;
			buildActionMask = 2147483647;
			files = (
				517CFC9023D17257000B4C5A /* LaunchScreen.storyboard in Resources */,
				517CFCBA23D5EFCD000B4C5A /* placeholder.png in Resources */,
				517CFCB423D4919A000B4C5A /* RiviServerData.json in Resources */,
				517CFC8D23D17257000B4C5A /* Assets.xcassets in Resources */,
			);
			runOnlyForDeploymentPostprocessing = 0;
		};
		517CFC9423D17258000B4C5A /* Resources */ = {
			isa = PBXResourcesBuildPhase;
			buildActionMask = 2147483647;
			files = (
			);
			runOnlyForDeploymentPostprocessing = 0;
		};
/* End PBXResourcesBuildPhase section */

/* Begin PBXSourcesBuildPhase section */
		517CFC7C23D17256000B4C5A /* Sources */ = {
			isa = PBXSourcesBuildPhase;
			buildActionMask = 2147483647;
			files = (
				517CFCAC23D466E3000B4C5A /* FoodCard.swift in Sources */,
				517CFC8423D17256000B4C5A /* AppDelegate.swift in Sources */,
				517CFCA823D45273000B4C5A /* DashboardViewController.swift in Sources */,
				517CFCB623D593EB000B4C5A /* DashboardViewModel.swift in Sources */,
				517CFCB823D5BC0A000B4C5A /* DashboardTableViewCell.swift in Sources */,
				517CFCBC23D717BD000B4C5A /* TitleView.swift in Sources */,
			);
			runOnlyForDeploymentPostprocessing = 0;
		};
		517CFC9223D17258000B4C5A /* Sources */ = {
			isa = PBXSourcesBuildPhase;
			buildActionMask = 2147483647;
			files = (
				517CFCB023D487C4000B4C5A /* Top10BlogsTests.swift in Sources */,
			);
			runOnlyForDeploymentPostprocessing = 0;
		};
/* End PBXSourcesBuildPhase section */

/* Begin PBXTargetDependency section */
		517CFC9823D17258000B4C5A /* PBXTargetDependency */ = {
			isa = PBXTargetDependency;
			target = 517CFC7F23D17256000B4C5A /* Top10Blogs */;
			targetProxy = 517CFC9723D17258000B4C5A /* PBXContainerItemProxy */;
		};
/* End PBXTargetDependency section */

/* Begin PBXVariantGroup section */
		517CFC8E23D17257000B4C5A /* LaunchScreen.storyboard */ = {
			isa = PBXVariantGroup;
			children = (
				517CFC8F23D17257000B4C5A /* Base */,
			);
			name = LaunchScreen.storyboard;
			sourceTree = "<group>";
		};
/* End PBXVariantGroup section */

/* Begin XCBuildConfiguration section */
		517CFC9D23D17258000B4C5A /* Debug */ = {
			isa = XCBuildConfiguration;
			buildSettings = {
				ALWAYS_SEARCH_USER_PATHS = NO;
				CLANG_ANALYZER_NONNULL = YES;
				CLANG_ANALYZER_NUMBER_OBJECT_CONVERSION = YES_AGGRESSIVE;
				CLANG_CXX_LANGUAGE_STANDARD = "gnu++14";
				CLANG_CXX_LIBRARY = "libc++";
				CLANG_ENABLE_MODULES = YES;
				CLANG_ENABLE_OBJC_ARC = YES;
				CLANG_ENABLE_OBJC_WEAK = YES;
				CLANG_WARN_BLOCK_CAPTURE_AUTORELEASING = YES;
				CLANG_WARN_BOOL_CONVERSION = YES;
				CLANG_WARN_COMMA = YES;
				CLANG_WARN_CONSTANT_CONVERSION = YES;
				CLANG_WARN_DEPRECATED_OBJC_IMPLEMENTATIONS = YES;
				CLANG_WARN_DIRECT_OBJC_ISA_USAGE = YES_ERROR;
				CLANG_WARN_DOCUMENTATION_COMMENTS = YES;
				CLANG_WARN_EMPTY_BODY = YES;
				CLANG_WARN_ENUM_CONVERSION = YES;
				CLANG_WARN_INFINITE_RECURSION = YES;
				CLANG_WARN_INT_CONVERSION = YES;
				CLANG_WARN_NON_LITERAL_NULL_CONVERSION = YES;
				CLANG_WARN_OBJC_IMPLICIT_RETAIN_SELF = YES;
				CLANG_WARN_OBJC_LITERAL_CONVERSION = YES;
				CLANG_WARN_OBJC_ROOT_CLASS = YES_ERROR;
				CLANG_WARN_RANGE_LOOP_ANALYSIS = YES;
				CLANG_WARN_STRICT_PROTOTYPES = YES;
				CLANG_WARN_SUSPICIOUS_MOVE = YES;
				CLANG_WARN_UNGUARDED_AVAILABILITY = YES_AGGRESSIVE;
				CLANG_WARN_UNREACHABLE_CODE = YES;
				CLANG_WARN__DUPLICATE_METHOD_MATCH = YES;
				COPY_PHASE_STRIP = NO;
				DEBUG_INFORMATION_FORMAT = dwarf;
				ENABLE_STRICT_OBJC_MSGSEND = YES;
				ENABLE_TESTABILITY = YES;
				GCC_C_LANGUAGE_STANDARD = gnu11;
				GCC_DYNAMIC_NO_PIC = NO;
				GCC_NO_COMMON_BLOCKS = YES;
				GCC_OPTIMIZATION_LEVEL = 0;
				GCC_PREPROCESSOR_DEFINITIONS = (
					"DEBUG=1",
					"$(inherited)",
				);
				GCC_WARN_64_TO_32_BIT_CONVERSION = YES;
				GCC_WARN_ABOUT_RETURN_TYPE = YES_ERROR;
				GCC_WARN_UNDECLARED_SELECTOR = YES;
				GCC_WARN_UNINITIALIZED_AUTOS = YES_AGGRESSIVE;
				GCC_WARN_UNUSED_FUNCTION = YES;
				GCC_WARN_UNUSED_VARIABLE = YES;
				IPHONEOS_DEPLOYMENT_TARGET = 13.1;
				MTL_ENABLE_DEBUG_INFO = INCLUDE_SOURCE;
				MTL_FAST_MATH = YES;
				ONLY_ACTIVE_ARCH = YES;
				SDKROOT = iphoneos;
				SWIFT_ACTIVE_COMPILATION_CONDITIONS = DEBUG;
				SWIFT_OPTIMIZATION_LEVEL = "-Onone";
			};
			name = Debug;
		};
		517CFC9E23D17258000B4C5A /* Release */ = {
			isa = XCBuildConfiguration;
			buildSettings = {
				ALWAYS_SEARCH_USER_PATHS = NO;
				CLANG_ANALYZER_NONNULL = YES;
				CLANG_ANALYZER_NUMBER_OBJECT_CONVERSION = YES_AGGRESSIVE;
				CLANG_CXX_LANGUAGE_STANDARD = "gnu++14";
				CLANG_CXX_LIBRARY = "libc++";
				CLANG_ENABLE_MODULES = YES;
				CLANG_ENABLE_OBJC_ARC = YES;
				CLANG_ENABLE_OBJC_WEAK = YES;
				CLANG_WARN_BLOCK_CAPTURE_AUTORELEASING = YES;
				CLANG_WARN_BOOL_CONVERSION = YES;
				CLANG_WARN_COMMA = YES;
				CLANG_WARN_CONSTANT_CONVERSION = YES;
				CLANG_WARN_DEPRECATED_OBJC_IMPLEMENTATIONS = YES;
				CLANG_WARN_DIRECT_OBJC_ISA_USAGE = YES_ERROR;
				CLANG_WARN_DOCUMENTATION_COMMENTS = YES;
				CLANG_WARN_EMPTY_BODY = YES;
				CLANG_WARN_ENUM_CONVERSION = YES;
				CLANG_WARN_INFINITE_RECURSION = YES;
				CLANG_WARN_INT_CONVERSION = YES;
				CLANG_WARN_NON_LITERAL_NULL_CONVERSION = YES;
				CLANG_WARN_OBJC_IMPLICIT_RETAIN_SELF = YES;
				CLANG_WARN_OBJC_LITERAL_CONVERSION = YES;
				CLANG_WARN_OBJC_ROOT_CLASS = YES_ERROR;
				CLANG_WARN_RANGE_LOOP_ANALYSIS = YES;
				CLANG_WARN_STRICT_PROTOTYPES = YES;
				CLANG_WARN_SUSPICIOUS_MOVE = YES;
				CLANG_WARN_UNGUARDED_AVAILABILITY = YES_AGGRESSIVE;
				CLANG_WARN_UNREACHABLE_CODE = YES;
				CLANG_WARN__DUPLICATE_METHOD_MATCH = YES;
				COPY_PHASE_STRIP = NO;
				DEBUG_INFORMATION_FORMAT = "dwarf-with-dsym";
				ENABLE_NS_ASSERTIONS = NO;
				ENABLE_STRICT_OBJC_MSGSEND = YES;
				GCC_C_LANGUAGE_STANDARD = gnu11;
				GCC_NO_COMMON_BLOCKS = YES;
				GCC_WARN_64_TO_32_BIT_CONVERSION = YES;
				GCC_WARN_ABOUT_RETURN_TYPE = YES_ERROR;
				GCC_WARN_UNDECLARED_SELECTOR = YES;
				GCC_WARN_UNINITIALIZED_AUTOS = YES_AGGRESSIVE;
				GCC_WARN_UNUSED_FUNCTION = YES;
				GCC_WARN_UNUSED_VARIABLE = YES;
				IPHONEOS_DEPLOYMENT_TARGET = 13.1;
				MTL_ENABLE_DEBUG_INFO = NO;
				MTL_FAST_MATH = YES;
				SDKROOT = iphoneos;
				SWIFT_COMPILATION_MODE = wholemodule;
				SWIFT_OPTIMIZATION_LEVEL = "-O";
				VALIDATE_PRODUCT = YES;
			};
			name = Release;
		};
		517CFCA023D17258000B4C5A /* Debug */ = {
			isa = XCBuildConfiguration;
			buildSettings = {
				ASSETCATALOG_COMPILER_APPICON_NAME = AppIcon;
				CODE_SIGN_STYLE = Automatic;
				DEVELOPMENT_TEAM = 7QBT6FUF69;
				INFOPLIST_FILE = Top10Blogs/Info.plist;
				LD_RUNPATH_SEARCH_PATHS = (
					"$(inherited)",
					"@executable_path/Frameworks",
				);
				PRODUCT_BUNDLE_IDENTIFIER = com.amprojects.Top10Blogs;
				PRODUCT_NAME = "$(TARGET_NAME)";
				SWIFT_VERSION = 5.0;
				TARGETED_DEVICE_FAMILY = 1;
			};
			name = Debug;
		};
		517CFCA123D17258000B4C5A /* Release */ = {
			isa = XCBuildConfiguration;
			buildSettings = {
				ASSETCATALOG_COMPILER_APPICON_NAME = AppIcon;
				CODE_SIGN_STYLE = Automatic;
				DEVELOPMENT_TEAM = 7QBT6FUF69;
				INFOPLIST_FILE = Top10Blogs/Info.plist;
				LD_RUNPATH_SEARCH_PATHS = (
					"$(inherited)",
					"@executable_path/Frameworks",
				);
				PRODUCT_BUNDLE_IDENTIFIER = com.amprojects.Top10Blogs;
				PRODUCT_NAME = "$(TARGET_NAME)";
				SWIFT_VERSION = 5.0;
				TARGETED_DEVICE_FAMILY = 1;
			};
			name = Release;
		};
		517CFCA323D17258000B4C5A /* Debug */ = {
			isa = XCBuildConfiguration;
			buildSettings = {
				ALWAYS_EMBED_SWIFT_STANDARD_LIBRARIES = YES;
				BUNDLE_LOADER = "$(TEST_HOST)";
				CODE_SIGN_STYLE = Automatic;
				DEVELOPMENT_TEAM = 7QBT6FUF69;
				INFOPLIST_FILE = Top10BlogsTests/Info.plist;
				IPHONEOS_DEPLOYMENT_TARGET = 13.1;
				LD_RUNPATH_SEARCH_PATHS = (
					"$(inherited)",
					"@executable_path/Frameworks",
					"@loader_path/Frameworks",
				);
				PRODUCT_BUNDLE_IDENTIFIER = com.amprojects.Top10BlogsTests;
				PRODUCT_NAME = "$(TARGET_NAME)";
				SWIFT_VERSION = 5.0;
				TARGETED_DEVICE_FAMILY = "1,2";
				TEST_HOST = "$(BUILT_PRODUCTS_DIR)/Top10Blogs.app/Top10Blogs";
			};
			name = Debug;
		};
		517CFCA423D17258000B4C5A /* Release */ = {
			isa = XCBuildConfiguration;
			buildSettings = {
				ALWAYS_EMBED_SWIFT_STANDARD_LIBRARIES = YES;
				BUNDLE_LOADER = "$(TEST_HOST)";
				CODE_SIGN_STYLE = Automatic;
				DEVELOPMENT_TEAM = 7QBT6FUF69;
				INFOPLIST_FILE = Top10BlogsTests/Info.plist;
				IPHONEOS_DEPLOYMENT_TARGET = 13.1;
				LD_RUNPATH_SEARCH_PATHS = (
					"$(inherited)",
					"@executable_path/Frameworks",
					"@loader_path/Frameworks",
				);
				PRODUCT_BUNDLE_IDENTIFIER = com.amprojects.Top10BlogsTests;
				PRODUCT_NAME = "$(TARGET_NAME)";
				SWIFT_VERSION = 5.0;
				TARGETED_DEVICE_FAMILY = "1,2";
				TEST_HOST = "$(BUILT_PRODUCTS_DIR)/Top10Blogs.app/Top10Blogs";
			};
			name = Release;
		};
/* End XCBuildConfiguration section */

/* Begin XCConfigurationList section */
		517CFC7B23D17256000B4C5A /* Build configuration list for PBXProject "Top10Blogs" */ = {
			isa = XCConfigurationList;
			buildConfigurations = (
				517CFC9D23D17258000B4C5A /* Debug */,
				517CFC9E23D17258000B4C5A /* Release */,
			);
			defaultConfigurationIsVisible = 0;
			defaultConfigurationName = Release;
		};
		517CFC9F23D17258000B4C5A /* Build configuration list for PBXNativeTarget "Top10Blogs" */ = {
			isa = XCConfigurationList;
			buildConfigurations = (
				517CFCA023D17258000B4C5A /* Debug */,
				517CFCA123D17258000B4C5A /* Release */,
			);
			defaultConfigurationIsVisible = 0;
			defaultConfigurationName = Release;
		};
		517CFCA223D17258000B4C5A /* Build configuration list for PBXNativeTarget "Top10BlogsTests" */ = {
			isa = XCConfigurationList;
			buildConfigurations = (
				517CFCA323D17258000B4C5A /* Debug */,
				517CFCA423D17258000B4C5A /* Release */,
			);
			defaultConfigurationIsVisible = 0;
			defaultConfigurationName = Release;
		};
/* End XCConfigurationList section */
	};
	rootObject = 517CFC7823D17256000B4C5A /* Project object */;
}
